
Microsoft Visual Studio Solution File, Format Version 12.00
# Visual Studio 15
VisualStudioVersion = 15.0.28307.489
MinimumVisualStudioVersion = 10.0.40219.1
Project("{FAE04EC0-301F-11D3-BF4B-00C04F79EFBC}") = "demo", "Automapper\demo.csproj", "{4CE5511E-DFC6-4210-A025-B4AA9C55DB7F}"
EndProject
Global
	GlobalSection(SolutionConfigurationPlatforms) = preSolution
		Debug|Any CPU = Debug|Any CPU
		Release|Any CPU = Release|Any CPU
	EndGlobalSection
	GlobalSection(ProjectConfigurationPlatforms) = postSolution
		{4CE5511E-DFC6-4210-A025-B4AA9C55DB7F}.Debug|Any CPU.ActiveCfg = Debug|Any CPU
		{4CE5511E-DFC6-4210-A025-B4AA9C55DB7F}.Debug|Any CPU.Build.0 = Debug|Any CPU
		{4CE5511E-DFC6-4210-A025-B4AA9C55DB7F}.Release|Any CPU.ActiveCfg = Release|Any CPU
		{4CE5511E-DFC6-4210-A025-B4AA9C55DB7F}.Release|Any CPU.Build.0 = Release|Any CPU
	EndGlobalSection
	GlobalSection(SolutionProperties) = preSolution
		HideSolutionNode = FALSE
	EndGlobalSection
	GlobalSection(ExtensibilityGlobals) = postSolution
		SolutionGuid = {AB4FBF5A-6A3D-4463-A604-938B969FACAE}
	EndGlobalSection
EndGlobal
