
Microsoft Visual Studio Solution File, Format Version 12.00
# Visual Studio 15
VisualStudioVersion = 15.0.28307.102
MinimumVisualStudioVersion = 10.0.40219.1
Project("{FAE04EC0-301F-11D3-BF4B-00C04F79EFBC}") = "ConsoleApp1", "ConsoleApp1\ConsoleApp1.csproj", "{CECFDE6E-1622-4537-89EF-F73CCD4DA38B}"
EndProject
Global
	GlobalSection(SolutionConfigurationPlatforms) = preSolution
		Debug|Any CPU = Debug|Any CPU
		Release|Any CPU = Release|Any CPU
	EndGlobalSection
	GlobalSection(ProjectConfigurationPlatforms) = postSolution
		{CECFDE6E-1622-4537-89EF-F73CCD4DA38B}.Debug|Any CPU.ActiveCfg = Debug|Any CPU
		{CECFDE6E-1622-4537-89EF-F73CCD4DA38B}.Debug|Any CPU.Build.0 = Debug|Any CPU
		{CECFDE6E-1622-4537-89EF-F73CCD4DA38B}.Release|Any CPU.ActiveCfg = Release|Any CPU
		{CECFDE6E-1622-4537-89EF-F73CCD4DA38B}.Release|Any CPU.Build.0 = Release|Any CPU
	EndGlobalSection
	GlobalSection(SolutionProperties) = preSolution
		HideSolutionNode = FALSE
	EndGlobalSection
	GlobalSection(ExtensibilityGlobals) = postSolution
		SolutionGuid = {5C7D615F-C432-4FBA-BD8C-0206DF39A029}
	EndGlobalSection
EndGlobal
