
Microsoft Visual Studio Solution File, Format Version 12.00
# Visual Studio 15
VisualStudioVersion = 15.0.28307.489
MinimumVisualStudioVersion = 10.0.40219.1
Project("{FAE04EC0-301F-11D3-BF4B-00C04F79EFBC}") = "MVCClient", "MVCClient\MVCClient.csproj", "{A91FC477-9A52-47AD-A3EF-00CEDB1F03C9}"
EndProject
Global
	GlobalSection(SolutionConfigurationPlatforms) = preSolution
		Debug|Any CPU = Debug|Any CPU
		Release|Any CPU = Release|Any CPU
	EndGlobalSection
	GlobalSection(ProjectConfigurationPlatforms) = postSolution
		{A91FC477-9A52-47AD-A3EF-00CEDB1F03C9}.Debug|Any CPU.ActiveCfg = Debug|Any CPU
		{A91FC477-9A52-47AD-A3EF-00CEDB1F03C9}.Debug|Any CPU.Build.0 = Debug|Any CPU
		{A91FC477-9A52-47AD-A3EF-00CEDB1F03C9}.Release|Any CPU.ActiveCfg = Release|Any CPU
		{A91FC477-9A52-47AD-A3EF-00CEDB1F03C9}.Release|Any CPU.Build.0 = Release|Any CPU
	EndGlobalSection
	GlobalSection(SolutionProperties) = preSolution
		HideSolutionNode = FALSE
	EndGlobalSection
	GlobalSection(ExtensibilityGlobals) = postSolution
		SolutionGuid = {DA1AE250-3E06-4660-89E5-0F6E69A5B1F3}
	EndGlobalSection
EndGlobal
