
Microsoft Visual Studio Solution File, Format Version 12.00
# Visual Studio 15
VisualStudioVersion = 15.0.28307.102
MinimumVisualStudioVersion = 10.0.40219.1
Project("{FAE04EC0-301F-11D3-BF4B-00C04F79EFBC}") = "ConsoleApp1", "ConsoleApp1\ConsoleApp1.csproj", "{AE669BD8-E83C-474F-AC59-C744F32316C6}"
EndProject
Global
	GlobalSection(SolutionConfigurationPlatforms) = preSolution
		Debug|Any CPU = Debug|Any CPU
		Release|Any CPU = Release|Any CPU
	EndGlobalSection
	GlobalSection(ProjectConfigurationPlatforms) = postSolution
		{AE669BD8-E83C-474F-AC59-C744F32316C6}.Debug|Any CPU.ActiveCfg = Debug|Any CPU
		{AE669BD8-E83C-474F-AC59-C744F32316C6}.Debug|Any CPU.Build.0 = Debug|Any CPU
		{AE669BD8-E83C-474F-AC59-C744F32316C6}.Release|Any CPU.ActiveCfg = Release|Any CPU
		{AE669BD8-E83C-474F-AC59-C744F32316C6}.Release|Any CPU.Build.0 = Release|Any CPU
	EndGlobalSection
	GlobalSection(SolutionProperties) = preSolution
		HideSolutionNode = FALSE
	EndGlobalSection
	GlobalSection(ExtensibilityGlobals) = postSolution
		SolutionGuid = {2735DA31-326B-46AC-9C2B-6EF86BCA8AAB}
	EndGlobalSection
EndGlobal
