
Microsoft Visual Studio Solution File, Format Version 12.00
# Visual Studio 15
VisualStudioVersion = 15.0.28307.102
MinimumVisualStudioVersion = 10.0.40219.1
Project("{FAE04EC0-301F-11D3-BF4B-00C04F79EFBC}") = "ConsoleApp1", "ConsoleApp1\ConsoleApp1.csproj", "{58B00258-4623-416D-8946-716D5905E425}"
EndProject
Global
	GlobalSection(SolutionConfigurationPlatforms) = preSolution
		Debug|Any CPU = Debug|Any CPU
		Release|Any CPU = Release|Any CPU
	EndGlobalSection
	GlobalSection(ProjectConfigurationPlatforms) = postSolution
		{58B00258-4623-416D-8946-716D5905E425}.Debug|Any CPU.ActiveCfg = Debug|Any CPU
		{58B00258-4623-416D-8946-716D5905E425}.Debug|Any CPU.Build.0 = Debug|Any CPU
		{58B00258-4623-416D-8946-716D5905E425}.Release|Any CPU.ActiveCfg = Release|Any CPU
		{58B00258-4623-416D-8946-716D5905E425}.Release|Any CPU.Build.0 = Release|Any CPU
	EndGlobalSection
	GlobalSection(SolutionProperties) = preSolution
		HideSolutionNode = FALSE
	EndGlobalSection
	GlobalSection(ExtensibilityGlobals) = postSolution
		SolutionGuid = {284D9D54-E3CF-4248-B5FC-4F6F323E9150}
	EndGlobalSection
EndGlobal
