
Microsoft Visual Studio Solution File, Format Version 12.00
# Visual Studio 15
VisualStudioVersion = 15.0.28307.102
MinimumVisualStudioVersion = 10.0.40219.1
Project("{FAE04EC0-301F-11D3-BF4B-00C04F79EFBC}") = "ConsoleApp1", "ConsoleApp1\ConsoleApp1.csproj", "{421A45FC-4E19-4EF5-9856-E209B95C4D8D}"
EndProject
Global
	GlobalSection(SolutionConfigurationPlatforms) = preSolution
		Debug|Any CPU = Debug|Any CPU
		Release|Any CPU = Release|Any CPU
	EndGlobalSection
	GlobalSection(ProjectConfigurationPlatforms) = postSolution
		{421A45FC-4E19-4EF5-9856-E209B95C4D8D}.Debug|Any CPU.ActiveCfg = Debug|Any CPU
		{421A45FC-4E19-4EF5-9856-E209B95C4D8D}.Debug|Any CPU.Build.0 = Debug|Any CPU
		{421A45FC-4E19-4EF5-9856-E209B95C4D8D}.Release|Any CPU.ActiveCfg = Release|Any CPU
		{421A45FC-4E19-4EF5-9856-E209B95C4D8D}.Release|Any CPU.Build.0 = Release|Any CPU
	EndGlobalSection
	GlobalSection(SolutionProperties) = preSolution
		HideSolutionNode = FALSE
	EndGlobalSection
	GlobalSection(ExtensibilityGlobals) = postSolution
		SolutionGuid = {09595646-D889-44E0-9564-3ED2D35A99B6}
	EndGlobalSection
EndGlobal
